
Microsoft Visual Studio Solution File, Format Version 12.00
# Visual Studio Version 17
VisualStudioVersion = 17.5.002.0
MinimumVisualStudioVersion = 10.0.40219.1
Project("{9A19103F-16F7-4668-BE54-9A1E7A4F7556}") = "DataType", "DataType.csproj", "{CE30EC71-0BB1-4CEE-B838-9C20CAEC60D1}"
EndProject
Project("{FAE04EC0-301F-11D3-BF4B-00C04F79EFBC}") = "HelloCSharp", "..\HelloCSharp\HelloCSharp.csproj", "{ADD36577-F122-468A-94AB-D6178D8ED107}"
EndProject
Global
	GlobalSection(SolutionConfigurationPlatforms) = preSolution
		Debug|Any CPU = Debug|Any CPU
		Release|Any CPU = Release|Any CPU
	EndGlobalSection
	GlobalSection(ProjectConfigurationPlatforms) = postSolution
		{CE30EC71-0BB1-4CEE-B838-9C20CAEC60D1}.Debug|Any CPU.ActiveCfg = Debug|Any CPU
		{CE30EC71-0BB1-4CEE-B838-9C20CAEC60D1}.Debug|Any CPU.Build.0 = Debug|Any CPU
		{CE30EC71-0BB1-4CEE-B838-9C20CAEC60D1}.Release|Any CPU.ActiveCfg = Release|Any CPU
		{CE30EC71-0BB1-4CEE-B838-9C20CAEC60D1}.Release|Any CPU.Build.0 = Release|Any CPU
		{ADD36577-F122-468A-94AB-D6178D8ED107}.Debug|Any CPU.ActiveCfg = Debug|Any CPU
		{ADD36577-F122-468A-94AB-D6178D8ED107}.Debug|Any CPU.Build.0 = Debug|Any CPU
		{ADD36577-F122-468A-94AB-D6178D8ED107}.Release|Any CPU.ActiveCfg = Release|Any CPU
		{ADD36577-F122-468A-94AB-D6178D8ED107}.Release|Any CPU.Build.0 = Release|Any CPU
	EndGlobalSection
	GlobalSection(SolutionProperties) = preSolution
		HideSolutionNode = FALSE
	EndGlobalSection
	GlobalSection(ExtensibilityGlobals) = postSolution
		SolutionGuid = {4F0DE6B0-C2A6-42A4-AD0A-87CBD2777C3C}
	EndGlobalSection
EndGlobal
