
Microsoft Visual Studio Solution File, Format Version 12.00
# Visual Studio Version 17
VisualStudioVersion = 17.5.002.0
MinimumVisualStudioVersion = 10.0.40219.1
Project("{9A19103F-16F7-4668-BE54-9A1E7A4F7556}") = "UserDefinedStruct", "UserDefinedStruct.csproj", "{72796BBA-4A16-4E53-BDA9-1AB2D48A609A}"
EndProject
Global
	GlobalSection(SolutionConfigurationPlatforms) = preSolution
		Debug|Any CPU = Debug|Any CPU
		Release|Any CPU = Release|Any CPU
	EndGlobalSection
	GlobalSection(ProjectConfigurationPlatforms) = postSolution
		{72796BBA-4A16-4E53-BDA9-1AB2D48A609A}.Debug|Any CPU.ActiveCfg = Debug|Any CPU
		{72796BBA-4A16-4E53-BDA9-1AB2D48A609A}.Debug|Any CPU.Build.0 = Debug|Any CPU
		{72796BBA-4A16-4E53-BDA9-1AB2D48A609A}.Release|Any CPU.ActiveCfg = Release|Any CPU
		{72796BBA-4A16-4E53-BDA9-1AB2D48A609A}.Release|Any CPU.Build.0 = Release|Any CPU
	EndGlobalSection
	GlobalSection(SolutionProperties) = preSolution
		HideSolutionNode = FALSE
	EndGlobalSection
	GlobalSection(ExtensibilityGlobals) = postSolution
		SolutionGuid = {0487E0CB-7925-481A-ACE2-96ACD972623D}
	EndGlobalSection
EndGlobal
