
Microsoft Visual Studio Solution File, Format Version 12.00
# Visual Studio Version 17
VisualStudioVersion = 17.5.002.0
MinimumVisualStudioVersion = 10.0.40219.1
Project("{9A19103F-16F7-4668-BE54-9A1E7A4F7556}") = "Class", "Class.csproj", "{0F44BD87-FE18-4225-8EB3-E010D1B3213A}"
EndProject
Global
	GlobalSection(SolutionConfigurationPlatforms) = preSolution
		Debug|Any CPU = Debug|Any CPU
		Release|Any CPU = Release|Any CPU
	EndGlobalSection
	GlobalSection(ProjectConfigurationPlatforms) = postSolution
		{0F44BD87-FE18-4225-8EB3-E010D1B3213A}.Debug|Any CPU.ActiveCfg = Debug|Any CPU
		{0F44BD87-FE18-4225-8EB3-E010D1B3213A}.Debug|Any CPU.Build.0 = Debug|Any CPU
		{0F44BD87-FE18-4225-8EB3-E010D1B3213A}.Release|Any CPU.ActiveCfg = Release|Any CPU
		{0F44BD87-FE18-4225-8EB3-E010D1B3213A}.Release|Any CPU.Build.0 = Release|Any CPU
	EndGlobalSection
	GlobalSection(SolutionProperties) = preSolution
		HideSolutionNode = FALSE
	EndGlobalSection
	GlobalSection(ExtensibilityGlobals) = postSolution
		SolutionGuid = {364C5931-5AB0-47C0-ADA8-DDA99E6840FC}
	EndGlobalSection
EndGlobal
